{
    "_meta": {
        "hash": {
            "sha256": "5ef0c3ee631198186ec06ba2394f885feb235753f424110e218090c21b872691"
        },
        "pipfile-spec": 6,
        "requires": {
            "python_version": "2.7"
        },
        "sources": [
            {
                "name": "pypi",
                "url": "https://pypi.org/simple",
                "verify_ssl": true
            }
        ]
    },
    "default": {
        "asn1crypto": {
            "hashes": [
                "sha256:7bb1cc02a5620b3d72da4ba070bda2f44f0e61b44dee910a302eddff802b6fb5",
                "sha256:87620880a477123e01177a1f73d0f327210b43a3cdbd714efcd2fa49a8d7b384"
            ],
            "version": "==1.2.0"
        },
        "certifi": {
            "hashes": [
                "sha256:e4f3620cfea4f83eedc95b24abd9cd56f3c4b146dd0177e83a21b4eb49e21e50",
                "sha256:fd7c7c74727ddcf00e9acd26bba8da604ffec95bf1c2144e67aff7a8b50e6cef"
            ],
            "version": "==2019.9.11"
        },
        "cffi": {
            "hashes": [
                "sha256:00d890313797d9fe4420506613384b43099ad7d2b905c0752dbcc3a6f14d80fa",
                "sha256:0cf9e550ac6c5e57b713437e2f4ac2d7fd0cd10336525a27224f5fc1ec2ee59a",
                "sha256:0ea23c9c0cdd6778146a50d867d6405693ac3b80a68829966c98dd5e1bbae400",
                "sha256:193697c2918ecdb3865acf6557cddf5076bb39f1f654975e087b67efdff83365",
                "sha256:1ae14b542bf3b35e5229439c35653d2ef7d8316c1fffb980f9b7647e544baa98",
                "sha256:1e389e069450609c6ffa37f21f40cce36f9be7643bbe5051ab1de99d5a779526",
                "sha256:263242b6ace7f9cd4ea401428d2d45066b49a700852334fd55311bde36dcda14",
                "sha256:33142ae9807665fa6511cfa9857132b2c3ee6ddffb012b3f0933fc11e1e830d5",
                "sha256:364f8404034ae1b232335d8c7f7b57deac566f148f7222cef78cf8ae28ef764e",
                "sha256:47368f69fe6529f8f49a5d146ddee713fc9057e31d61e8b6dc86a6a5e38cecc1",
                "sha256:4895640844f17bec32943995dc8c96989226974dfeb9dd121cc45d36e0d0c434",
                "sha256:558b3afef987cf4b17abd849e7bedf64ee12b28175d564d05b628a0f9355599b",
                "sha256:5ba86e1d80d458b338bda676fd9f9d68cb4e7a03819632969cf6d46b01a26730",
                "sha256:63424daa6955e6b4c70dc2755897f5be1d719eabe71b2625948b222775ed5c43",
                "sha256:6381a7d8b1ebd0bc27c3bc85bc1bfadbb6e6f756b4d4db0aa1425c3719ba26b4",
                "sha256:6381ab708158c4e1639da1f2a7679a9bbe3e5a776fc6d1fd808076f0e3145331",
                "sha256:6fd58366747debfa5e6163ada468a90788411f10c92597d3b0a912d07e580c36",
                "sha256:728ec653964655d65408949b07f9b2219df78badd601d6c49e28d604efe40599",
                "sha256:7cfcfda59ef1f95b9f729c56fe8a4041899f96b72685d36ef16a3440a0f85da8",
                "sha256:819f8d5197c2684524637f940445c06e003c4a541f9983fd30d6deaa2a5487d8",
                "sha256:825ecffd9574557590e3225560a8a9d751f6ffe4a49e3c40918c9969b93395fa",
                "sha256:9009e917d8f5ef780c2626e29b6bc126f4cb2a4d43ca67aa2b40f2a5d6385e78",
                "sha256:9c77564a51d4d914ed5af096cd9843d90c45b784b511723bd46a8a9d09cf16fc",
                "sha256:a19089fa74ed19c4fe96502a291cfdb89223a9705b1d73b3005df4256976142e",
                "sha256:a40ed527bffa2b7ebe07acc5a3f782da072e262ca994b4f2085100b5a444bbb2",
                "sha256:bb75ba21d5716abc41af16eac1145ab2e471deedde1f22c6f99bd9f995504df0",
                "sha256:e22a00c0c81ffcecaf07c2bfb3672fa372c50e2bd1024ffee0da191c1b27fc71",
                "sha256:e55b5a746fb77f10c83e8af081979351722f6ea48facea79d470b3731c7b2891",
                "sha256:ec2fa3ee81707a5232bf2dfbd6623fdb278e070d596effc7e2d788f2ada71a05",
                "sha256:fd82eb4694be712fcae03c717ca2e0fc720657ac226b80bbb597e971fc6928c2"
            ],
            "version": "==1.13.1"
        },
        "chardet": {
            "hashes": [
                "sha256:84ab92ed1c4d4f16916e05906b6b75a6c0fb5db821cc65e70cbd64a3e2a5eaae",
                "sha256:fc323ffcaeaed0e0a02bf4d117757b98aed530d9ed4531e3e15460124c106691"
            ],
            "version": "==3.0.4"
        },
        "cryptography": {
            "hashes": [
                "sha256:21af753934f2f6d1a10fe8f4c0a64315af209ef6adeaee63ca349797d747d687",
                "sha256:27bb401a20a838d6d0ea380f08c6ead3ccd8c9d8a0232dc9adcc0e4994576a66",
                "sha256:29720c4253263cff9aea64585adbbe85013ba647f6e98367efff9db2d7193ded",
                "sha256:2a35b7570d8f247889784010aac8b384fd2e4a47b33e15c4a60b45a7c1944120",
                "sha256:42c531a6a354407f42ee07fda5c2c0dc822cf6d52744949c182f2b295fbd4183",
                "sha256:5eb86f03f9c4f0ac2336ac5431271072ddf7ecc76b338e26366732cfac58aa19",
                "sha256:67f7f57eae8dede577f3f7775957f5bec93edd6bdb6ce597bb5b28e1bdf3d4fb",
                "sha256:6ec84edcbc966ae460560a51a90046503ff0b5b66157a9efc61515c68059f6c8",
                "sha256:7ba834564daef87557e7fcd35c3c3183a4147b0b3a57314e53317360b9b201b3",
                "sha256:7d7f084cbe1fdb82be5a0545062b59b1ad3637bc5a48612ac2eb428ff31b31ea",
                "sha256:82409f5150e529d699e5c33fa8fd85e965104db03bc564f5f4b6a9199e591f7c",
                "sha256:87d092a7c2a44e5f7414ab02fb4145723ebba411425e1a99773531dd4c0e9b8d",
                "sha256:8c56ef989342e42b9fcaba7c74b446f0cc9bed546dd00034fa7ad66fc00307ef",
                "sha256:9449f5d4d7c516a6118fa9210c4a00f34384cb1d2028672100ee0c6cce49d7f6",
                "sha256:bc2301170986ad82d9349a91eb8884e0e191209c45f5541b16aa7c0cfb135978",
                "sha256:c132bab45d4bd0fff1d3fe294d92b0a6eb8404e93337b3127bdec9f21de117e6",
                "sha256:c3d945b7b577f07a477700f618f46cbc287af3a9222cd73035c6ef527ef2c363",
                "sha256:cee18beb4c807b5c0b178f4fa2fae03cef9d51821a358c6890f8b23465b7e5d2",
                "sha256:d01dfc5c2b3495184f683574e03c70022674ca9a7be88589c5aba130d835ea90"
            ],
            "index": "pypi",
            "version": "==2.3"
        },
        "enum34": {
            "hashes": [
                "sha256:2d81cbbe0e73112bdfe6ef8576f2238f2ba27dd0d55752a776c41d38b7da2850",
                "sha256:644837f692e5f550741432dd3f223bbb9852018674981b1664e5dc339387588a",
                "sha256:6bd0f6ad48ec2aa117d3d141940d484deccda84d4fcd884f5c3d93c23ecd8c79",
                "sha256:8ad8c4783bf61ded74527bffb48ed9b54166685e4230386a9ed9b1279e2df5b1"
            ],
            "markers": "python_version == '2.7'",
            "version": "==1.1.6"
        },
        "idna": {
            "hashes": [
                "sha256:156a6814fb5ac1fc6850fb002e0852d56c0c8d2531923a51032d1b70760e186e",
                "sha256:684a38a6f903c1d71d6d5fac066b58d7768af4de2b832e426ec79c30daa94a16"
            ],
            "version": "==2.7"
        },
        "imutils": {
            "hashes": [
                "sha256:9172d4531368498e6b80c6ead5a08a78d5cdb0a159333f0170c6e8e799a7f056"
            ],
            "index": "pypi",
            "version": "==0.4.6"
        },
        "ipaddress": {
            "hashes": [
                "sha256:6e0f4a39e66cb5bb9a137b00276a2eff74f93b71dcbdad6f10ff7df9d3557fcc",
                "sha256:b7f8e0369580bb4a24d5ba1d7cc29660a4a6987763faf1d8a8046830e020e7e2"
            ],
            "markers": "python_version < '3'",
            "version": "==1.0.23"
        },
        "numpy": {
            "hashes": [
                "sha256:00836128feaf9a7c7fedeea05ad593e7965f523d23fe3ffbf20cfffd88e9f2b1",
                "sha256:03b28330253904d410c3c82d66329f29645eb54a7345cb7dd7a1529d61fa603f",
                "sha256:1594aec94e4896e0688f4f405481fda50fb70547000ae71f2e894299a088a661",
                "sha256:27aa457590268cb059c47daa8c55f48c610ce81da8a062ec117f74efa9124ec9",
                "sha256:2c5a556272c67566e8f4607d1c78ad98e954fa6c32802002a4a0b029ad8dd759",
                "sha256:37fdd3bb05caaaacac58015cfa38e38b006ee9cef1eaacdb70bb68c16ac7db1d",
                "sha256:3a96e59f61c7a8f8838d0f4d19daeba551c5f07c5cdd5c81e8e9d4089ade0042",
                "sha256:3d6a354bb1a1ce2cabd47e0bdcf25364322fb55a29efb59f76944d7ee546d8b6",
                "sha256:4208b225ae049641a7a99ab92e84ce9d642ded8250d2b6c9fd61a7fa8c072561",
                "sha256:46469e7fcb689036e72ce61c3d432ed35eb4c71b5119e894845b434b0fae5813",
                "sha256:4d790e2a37aa3350667d8bb8acc919010c7e46234c3d615738564ddc6d22026f",
                "sha256:612297115bade249a118616c065597ff2e5e1f47ed220d7ba71f3e6c6ebcd814",
                "sha256:8bb452d94e964b312205b0de1238dd7209da452343653ab214b5d681780e7a0c",
                "sha256:911d91ffc6688db0454d69318584415f7dfb0fc1b8ac9b549234e39495684230",
                "sha256:9a2b950bca9faca0145491ae9fd214c432f2b1e36783399bc2c3732e7bcc94f4",
                "sha256:ada1a1cd68b9874fa480bd287438f92bd7ce88ca0dd6e8d56c70f2b3dab97314",
                "sha256:ceb353e3ae840ce76256935b18c17236ca808509f231f41d5173d7b2680d5e77",
                "sha256:dbc9e9a6a5e0c4f57498855d4e30ef8b599c0ce13fdf9d64299197508d67d9e8",
                "sha256:e6ce7c0051ed5443f8343da2a14580aa438822ae6526900332c4564f371d2aaf",
                "sha256:f42e21d8db16315bc30b437bff63d6b143befb067b8cd396fa3ef17f1c21e1a0",
                "sha256:f7fb27c0562206787011cf299c03f663c604b58a35a9c2b5218ba6485a17b145",
                "sha256:fada0492dd35412cd96e0578677e9a4bdae8f102ef2b631301fcf19066b57119",
                "sha256:fb207362394567343d84c0462ec3ba203a21c78be9a0fdbb94982e76859ec37e"
            ],
            "version": "==1.16.5"
        },
        "opencv-python": {
            "hashes": [
                "sha256:0495e9247fbbd5d88346bb4d480df27fb4000aa4799b5a15b1735968a94a5189",
                "sha256:078e8ea34d06b3fa459c58a6ce966ef715cc2e913b7bd96a46beb345975aa5d6",
                "sha256:0dbbd0348c8282d4e3cf472a8e2a17785f05c22a55647253fa00b539897f8fcc",
                "sha256:1b302b4721ca2d55ae7e9e80acebd73499c16a82be9bebc563a7937dbd348b2d",
                "sha256:1f035595ef2f296c234c2b8b9659162646b9312afd0cec7ab0217bad915ff068",
                "sha256:1f7fa5433c26c637cf923c59025df12fcd56b2d205da178c7ad6954e6e50912e",
                "sha256:20bd10b6f6f5de1a5e796900ab77ea57366139290f426d2039d3919d8ddf9f1c",
                "sha256:2306ddd98aa52688c9667f8080349d653d465a2b838cbacb19561286046ba1e8",
                "sha256:31945ea9e7324c41be925f2b21fcb523844b2399dc649010f3a3e97825dcfcd0",
                "sha256:36680744ebdc66a9da0a65f1f33ec9cf5d26a98749c5701dc612b334b213997d",
                "sha256:409e3a4c925accd68a5ab1cef21dd04b957c0ee2985db8f075a808dccd6e0f73",
                "sha256:440a093dda50daf093d73aae2dd333c9e4a593cfe7df8cbc298b421d313e263f",
                "sha256:4b0465c3df9dea074583b6b4f8cf22e5902c5c5ec213a479c6c834a8a0191cf7",
                "sha256:4b5902b647e66addfa5218dbc75e7a4de2f46c253ea17b234408f5792cfc8d7f",
                "sha256:4f0a5c098aad4df88ce7dc3828a857921368635e3a961e80431e60f3522a99be",
                "sha256:6df586230f9146afde5b8e2f4511978f8fb6172bf0f47ba290423979baae974d",
                "sha256:6e4fee2ee2bc4d911dad78e2b167da97796879aaade4be3ff42ff1993e250b15",
                "sha256:70f3c6fe31af7c00c60cb91bb7351837ba6c7b3d173b855ca5dbe265b90a1606",
                "sha256:78390d93834b6b7c9d9234dba68ba9c34a966f60e519efd2691e5c367dee7f8e",
                "sha256:81519bba8560c68f587482c157a74cf04d5a2877d4367377d2671e66eb7a3961",
                "sha256:87beeb6ad4ffcd6fbfbb464a8a75c7a1389a0642cc632ecceb504c86139567e3",
                "sha256:a354096290dd57ddb2664e7b21ddb6c6c2f5297cc4d8a402ce3f6a82a24807e3",
                "sha256:a4635e22637181b478d6ad337c94b596c98c16bdbae92ef90514bbf31e30ef3a",
                "sha256:b23359c21c4eb84f28fbe1331723bbf1ebc34125f22480da4b16cfae989a3249",
                "sha256:ba52829eafab59c5260bec012fad0e26bd05389828af0e316e278912c82dab32",
                "sha256:c672596fa261766d6d0cc02377755558b92dee80a64ee8dd6f58f4e56bf7835d",
                "sha256:fd6ac9a11faa5d1cbf014d059dd890ad6f0583f149e780ff7d0d3d47e68438d6"
            ],
            "index": "pypi",
            "version": "==3.4.2.17"
        },
        "pathlib": {
            "hashes": [
                "sha256:6940718dfc3eff4258203ad5021090933e5c04707d5ca8cc9e73c94a7894ea9f"
            ],
            "markers": "python_version == '2.7'",
            "version": "==1.0.1"
        },
        "pillow": {
            "hashes": [
                "sha256:00fdeb23820f30e43bba78eb9abb00b7a937a655de7760b2e09101d63708b64e",
                "sha256:01f948e8220c85eae1aa1a7f8edddcec193918f933fb07aaebe0bfbbcffefbf1",
                "sha256:08abf39948d4b5017a137be58f1a52b7101700431f0777bec3d897c3949f74e6",
                "sha256:099a61618b145ecb50c6f279666bbc398e189b8bc97544ae32b8fcb49ad6b830",
                "sha256:2c1c61546e73de62747e65807d2cc4980c395d4c5600ecb1f47a650c6fa78c79",
                "sha256:2ed9c4f694861642401f27dc3cb99772be67cd190e84845c749dae0a06c3bfae",
                "sha256:338581b30b908e111be578f0297255f6b57a51358cd16fa0e6f664c9a1f88bff",
                "sha256:38c7d48a21cd06fdeee93987147b9b1c55b73b4cfcbf83240568bfbd5adee447",
                "sha256:43fd026f613c8e48a25eba1a92f4d2ad7f3903c95d8c33a11611a7717d2ab654",
                "sha256:4548236844327a718ce3bb182ab32a16fa2050c61e334e959f554cac052fb0df",
                "sha256:5090857876c58885cfa388dc649e5db30aae98a068c26f3fd0ac9d7d9a4d9572",
                "sha256:5bbba34f97a26a93f5e8dec469ca4ddd712451418add43da946dbaed7f7a98d2",
                "sha256:65a28969a025a0eb4594637b6103201dc4ed2a9508bdab56ac33e43e3081c404",
                "sha256:892bb52b70bd5ea9dbbc3ac44f38e84f5a04e9d8b1bff48159d96cb795b81159",
                "sha256:8a9becd5cbd5062f973bcd2e7bc79483af310222de112b6541f8af1f93a3cc42",
                "sha256:972a7aaeb7c4a2795b52eef52ee991ef040b31009f36deca6207a986607b55f3",
                "sha256:97b119c436bfa96a92ac2ca525f7025836d4d4e64b1c9f9eff8dbaf3ff1d86f3",
                "sha256:9ba37698e242223f8053cc158f130aee046a96feacbeab65893dbe94f5530118",
                "sha256:b1b0e1f626a0f079c0d3696db70132fb1f29aa87c66aecb6501a9b8be64ce9f7",
                "sha256:c14c1224fd1a5be2733530d648a316974dbbb3c946913562c6005a76f21ca042",
                "sha256:c79a8546c48ae6465189e54e3245a97ddf21161e33ff7eaa42787353417bb2b6",
                "sha256:ceb76935ac4ebdf6d7bc845482a4450b284c6ccfb281e34da51d510658ab34d8",
                "sha256:e22bffaad04b4d16e1c091baed7f2733fc1ebb91e0c602abf1b6834d17158b1f",
                "sha256:ec883b8e44d877bda6f94a36313a1c6063f8b1997aa091628ae2f34c7f97c8d5",
                "sha256:f1baa54d50ec031d1a9beb89974108f8f2c0706f49798f4777df879df0e1adb6",
                "sha256:f53a5385932cda1e2c862d89460992911a89768c65d176ff8c50cddca4d29bed"
            ],
            "index": "pypi",
            "version": "==6.2.0"
        },
        "pycparser": {
            "hashes": [
                "sha256:a988718abfad80b6b157acce7bf130a30876d27603738ac39f140993246b25b3"
            ],
            "version": "==2.19"
        },
        "pyzbar": {
            "hashes": [
                "sha256:16df691a5fa82cb35216508ec5ee32bc469d5f37dca7523d5bbad0271ba13c2c",
                "sha256:60f1e5871f2fff5ea38b2fa5dd2e7060eed828d0e0d937b6c0130a5052aa2a3d",
                "sha256:98ee05a856265b37fc2a135d3d51eca5e753193e3d22e74c482c963e2d1c22d4"
            ],
            "index": "pypi",
            "version": "==0.1.7"
        },
        "requests": {
            "hashes": [
                "sha256:63b52e3c866428a224f97cab011de738c36aec0185aa91cfacd418b5d58911d1",
                "sha256:ec22d826a36ed72a7358ff3fe56cbd4ba69dd7a6718ffd450ff0e9df7a47ce6a"
            ],
            "index": "pypi",
            "version": "==2.19.1"
        },
        "six": {
            "hashes": [
                "sha256:3350809f0555b11f552448330d0b52d5f24c91a322ea4a15ef22629740f3761c",
                "sha256:d16a0141ec1a18405cd4ce8b4613101da75da0e9a7aec5bdd4fa804d0e0eba73"
            ],
            "version": "==1.12.0"
        },
        "urllib3": {
            "hashes": [
                "sha256:a68ac5e15e76e7e5dd2b8f94007233e01effe3e50e8daddf69acfd81cb686baf",
                "sha256:b5725a0bd4ba422ab0e66e89e030c806576753ea3ee08554382c14e685d117b5"
            ],
            "version": "==1.23"
        }
    },
    "develop": {
        "altgraph": {
            "hashes": [
                "sha256:d6814989f242b2b43025cba7161fc1b8fb487a62cd49c49245d6fd01c18ac997",
                "sha256:ddf5320017147ba7b810198e0b6619bd7b5563aa034da388cea8546b877f9b0c"
            ],
            "version": "==0.16.1"
        },
        "dis3": {
            "hashes": [
                "sha256:30b6412d33d738663e8ded781b138f4b01116437f0872aa56aa3adba6aeff218",
                "sha256:61f7720dd0d8749d23fda3d7227ce74d73da11c2fade993a67ab2f9852451b14",
                "sha256:9259b881fc1df02ed12ac25f82d4a85b44241854330b1a651e40e0c675cb2d1e"
            ],
            "version": "==0.1.3"
        },
        "future": {
            "hashes": [
                "sha256:858e38522e8fd0d3ce8f0c1feaf0603358e366d5403209674c7b617fa0c24093"
            ],
            "version": "==0.18.1"
        },
        "macholib": {
            "hashes": [
                "sha256:ac02d29898cf66f27510d8f39e9112ae00590adb4a48ec57b25028d6962b1ae1",
                "sha256:c4180ffc6f909bf8db6cd81cff4b6f601d575568f4d5dee148c830e9851eb9db"
            ],
            "version": "==1.11"
        },
        "pefile": {
            "hashes": [
                "sha256:a5d6e8305c6b210849b47a6174ddf9c452b2888340b8177874b862ba6c207645"
            ],
            "version": "==2019.4.18"
        },
        "pyinstaller": {
            "hashes": [
                "sha256:715f81f24b1ef0e5fe3b3c71e7540551838e46e9de30882aa7c0a521147fd1ce"
            ],
            "index": "pypi",
            "version": "==3.3.1"
        },
        "python-gettext": {
            "hashes": [
                "sha256:f40540324edc600e33df7aaf840aec7a4021d3b0615830918c231eb1d7163456"
            ],
            "index": "pypi",
            "version": "==3.0"
        }
    }
}
